
Microsoft Visual Studio Solution File, Format Version 12.00
# Visual Studio Version 17
VisualStudioVersion = 17.0.31903.59
MinimumVisualStudioVersion = 10.0.40219.1
Project("{FAE04EC0-301F-11D3-BF4B-00C04F79EFBC}") = "MESv2.Api", "MESv2.Api\MESv2.Api.csproj", "{1522AE6C-7606-41CE-BC0B-3E446538E247}"
EndProject
Project("{FAE04EC0-301F-11D3-BF4B-00C04F79EFBC}") = "MESv2.Api.Tests", "MESv2.Api.Tests\MESv2.Api.Tests.csproj", "{DBBB1768-9E66-4169-86E1-9F8E8AA6EEB8}"
EndProject
Global
	GlobalSection(SolutionConfigurationPlatforms) = preSolution
		Debug|Any CPU = Debug|Any CPU
		Debug|x64 = Debug|x64
		Debug|x86 = Debug|x86
		Release|Any CPU = Release|Any CPU
		Release|x64 = Release|x64
		Release|x86 = Release|x86
	EndGlobalSection
	GlobalSection(ProjectConfigurationPlatforms) = postSolution
		{1522AE6C-7606-41CE-BC0B-3E446538E247}.Debug|Any CPU.ActiveCfg = Debug|Any CPU
		{1522AE6C-7606-41CE-BC0B-3E446538E247}.Debug|Any CPU.Build.0 = Debug|Any CPU
		{1522AE6C-7606-41CE-BC0B-3E446538E247}.Debug|x64.ActiveCfg = Debug|Any CPU
		{1522AE6C-7606-41CE-BC0B-3E446538E247}.Debug|x64.Build.0 = Debug|Any CPU
		{1522AE6C-7606-41CE-BC0B-3E446538E247}.Debug|x86.ActiveCfg = Debug|Any CPU
		{1522AE6C-7606-41CE-BC0B-3E446538E247}.Debug|x86.Build.0 = Debug|Any CPU
		{1522AE6C-7606-41CE-BC0B-3E446538E247}.Release|Any CPU.ActiveCfg = Release|Any CPU
		{1522AE6C-7606-41CE-BC0B-3E446538E247}.Release|Any CPU.Build.0 = Release|Any CPU
		{1522AE6C-7606-41CE-BC0B-3E446538E247}.Release|x64.ActiveCfg = Release|Any CPU
		{1522AE6C-7606-41CE-BC0B-3E446538E247}.Release|x64.Build.0 = Release|Any CPU
		{1522AE6C-7606-41CE-BC0B-3E446538E247}.Release|x86.ActiveCfg = Release|Any CPU
		{1522AE6C-7606-41CE-BC0B-3E446538E247}.Release|x86.Build.0 = Release|Any CPU
		{DBBB1768-9E66-4169-86E1-9F8E8AA6EEB8}.Debug|Any CPU.ActiveCfg = Debug|Any CPU
		{DBBB1768-9E66-4169-86E1-9F8E8AA6EEB8}.Debug|Any CPU.Build.0 = Debug|Any CPU
		{DBBB1768-9E66-4169-86E1-9F8E8AA6EEB8}.Debug|x64.ActiveCfg = Debug|Any CPU
		{DBBB1768-9E66-4169-86E1-9F8E8AA6EEB8}.Debug|x64.Build.0 = Debug|Any CPU
		{DBBB1768-9E66-4169-86E1-9F8E8AA6EEB8}.Debug|x86.ActiveCfg = Debug|Any CPU
		{DBBB1768-9E66-4169-86E1-9F8E8AA6EEB8}.Debug|x86.Build.0 = Debug|Any CPU
		{DBBB1768-9E66-4169-86E1-9F8E8AA6EEB8}.Release|Any CPU.ActiveCfg = Release|Any CPU
		{DBBB1768-9E66-4169-86E1-9F8E8AA6EEB8}.Release|Any CPU.Build.0 = Release|Any CPU
		{DBBB1768-9E66-4169-86E1-9F8E8AA6EEB8}.Release|x64.ActiveCfg = Release|Any CPU
		{DBBB1768-9E66-4169-86E1-9F8E8AA6EEB8}.Release|x64.Build.0 = Release|Any CPU
		{DBBB1768-9E66-4169-86E1-9F8E8AA6EEB8}.Release|x86.ActiveCfg = Release|Any CPU
		{DBBB1768-9E66-4169-86E1-9F8E8AA6EEB8}.Release|x86.Build.0 = Release|Any CPU
	EndGlobalSection
	GlobalSection(SolutionProperties) = preSolution
		HideSolutionNode = FALSE
	EndGlobalSection
EndGlobal
